
Microsoft Visual Studio Solution File, Format Version 12.00
# Visual Studio Version 17
VisualStudioVersion = 17.3.32819.101
MinimumVisualStudioVersion = 10.0.40219.1
Project("{FAE04EC0-301F-11D3-BF4B-00C04F79EFBC}") = "Primeiros aprendizados", "Primeiros aprendizados\Primeiros aprendizados.csproj", "{EFB5455B-3449-4BD4-B17E-23C2772D25F6}"
EndProject
Global
	GlobalSection(SolutionConfigurationPlatforms) = preSolution
		Debug|Any CPU = Debug|Any CPU
		Release|Any CPU = Release|Any CPU
	EndGlobalSection
	GlobalSection(ProjectConfigurationPlatforms) = postSolution
		{EFB5455B-3449-4BD4-B17E-23C2772D25F6}.Debug|Any CPU.ActiveCfg = Debug|Any CPU
		{EFB5455B-3449-4BD4-B17E-23C2772D25F6}.Debug|Any CPU.Build.0 = Debug|Any CPU
		{EFB5455B-3449-4BD4-B17E-23C2772D25F6}.Release|Any CPU.ActiveCfg = Release|Any CPU
		{EFB5455B-3449-4BD4-B17E-23C2772D25F6}.Release|Any CPU.Build.0 = Release|Any CPU
	EndGlobalSection
	GlobalSection(SolutionProperties) = preSolution
		HideSolutionNode = FALSE
	EndGlobalSection
	GlobalSection(ExtensibilityGlobals) = postSolution
		SolutionGuid = {0FD11862-9939-46B2-91FC-39BDE551E408}
	EndGlobalSection
EndGlobal
